
Microsoft Visual Studio Solution File, Format Version 12.00
Project("{FAE04EC0-301F-11D3-BF4B-00C04F79EFBC}") = "Darius_Moldovan_Lab1", "Darius_Moldovan_Lab1.csproj", "{2FC9F7C7-E469-4579-982D-78870696C7E0}"
EndProject
Global
	GlobalSection(SolutionConfigurationPlatforms) = preSolution
		Debug|Any CPU = Debug|Any CPU
		Release|Any CPU = Release|Any CPU
	EndGlobalSection
	GlobalSection(ProjectConfigurationPlatforms) = postSolution
		{2FC9F7C7-E469-4579-982D-78870696C7E0}.Debug|Any CPU.ActiveCfg = Debug|Any CPU
		{2FC9F7C7-E469-4579-982D-78870696C7E0}.Debug|Any CPU.Build.0 = Debug|Any CPU
		{2FC9F7C7-E469-4579-982D-78870696C7E0}.Release|Any CPU.ActiveCfg = Release|Any CPU
		{2FC9F7C7-E469-4579-982D-78870696C7E0}.Release|Any CPU.Build.0 = Release|Any CPU
	EndGlobalSection
EndGlobal
